
Microsoft Visual Studio Solution File, Format Version 12.00
# Visual Studio Version 17
VisualStudioVersion = 17.0.31919.166
MinimumVisualStudioVersion = 10.0.40219.1
Project("{9A19103F-16F7-4668-BE54-9A1E7A4F7556}") = "LearningCsharp_main", "LearningCsharp_main\LearningCsharp_main.csproj", "{B8FDEA68-7E52-411F-BD87-772CC0B8F14D}"
EndProject
Project("{FAE04EC0-301F-11D3-BF4B-00C04F79EFBC}") = "num2", "num2\num2.csproj", "{F35084AE-847C-427F-8906-E8BB5D5137EF}"
EndProject
Project("{FAE04EC0-301F-11D3-BF4B-00C04F79EFBC}") = "num3", "num3\num3.csproj", "{B8E86411-AA76-48A6-A997-B299240684E1}"
EndProject
Global
	GlobalSection(SolutionConfigurationPlatforms) = preSolution
		Debug|Any CPU = Debug|Any CPU
		Release|Any CPU = Release|Any CPU
	EndGlobalSection
	GlobalSection(ProjectConfigurationPlatforms) = postSolution
		{B8FDEA68-7E52-411F-BD87-772CC0B8F14D}.Debug|Any CPU.ActiveCfg = Debug|Any CPU
		{B8FDEA68-7E52-411F-BD87-772CC0B8F14D}.Debug|Any CPU.Build.0 = Debug|Any CPU
		{B8FDEA68-7E52-411F-BD87-772CC0B8F14D}.Release|Any CPU.ActiveCfg = Release|Any CPU
		{B8FDEA68-7E52-411F-BD87-772CC0B8F14D}.Release|Any CPU.Build.0 = Release|Any CPU
		{F35084AE-847C-427F-8906-E8BB5D5137EF}.Debug|Any CPU.ActiveCfg = Debug|Any CPU
		{F35084AE-847C-427F-8906-E8BB5D5137EF}.Debug|Any CPU.Build.0 = Debug|Any CPU
		{F35084AE-847C-427F-8906-E8BB5D5137EF}.Release|Any CPU.ActiveCfg = Release|Any CPU
		{F35084AE-847C-427F-8906-E8BB5D5137EF}.Release|Any CPU.Build.0 = Release|Any CPU
		{B8E86411-AA76-48A6-A997-B299240684E1}.Debug|Any CPU.ActiveCfg = Debug|Any CPU
		{B8E86411-AA76-48A6-A997-B299240684E1}.Debug|Any CPU.Build.0 = Debug|Any CPU
		{B8E86411-AA76-48A6-A997-B299240684E1}.Release|Any CPU.ActiveCfg = Release|Any CPU
		{B8E86411-AA76-48A6-A997-B299240684E1}.Release|Any CPU.Build.0 = Release|Any CPU
	EndGlobalSection
	GlobalSection(SolutionProperties) = preSolution
		HideSolutionNode = FALSE
	EndGlobalSection
	GlobalSection(ExtensibilityGlobals) = postSolution
		SolutionGuid = {7E3147BE-E99D-41E5-A263-4ED215BAEF69}
	EndGlobalSection
EndGlobal
